
Microsoft Visual Studio Solution File, Format Version 12.00
# Visual Studio Version 17
VisualStudioVersion = 17.9.34728.123
MinimumVisualStudioVersion = 10.0.40219.1
Project("{FAE04EC0-301F-11D3-BF4B-00C04F79EFBC}") = "Group17_MVC", "Group17_MVC\Group17_MVC.csproj", "{5D4C0CBE-C1D8-4A03-A8B2-E0B11A287A1C}"
EndProject
Global
	GlobalSection(SolutionConfigurationPlatforms) = preSolution
		Debug|Any CPU = Debug|Any CPU
		Release|Any CPU = Release|Any CPU
	EndGlobalSection
	GlobalSection(ProjectConfigurationPlatforms) = postSolution
		{5D4C0CBE-C1D8-4A03-A8B2-E0B11A287A1C}.Debug|Any CPU.ActiveCfg = Debug|Any CPU
		{5D4C0CBE-C1D8-4A03-A8B2-E0B11A287A1C}.Debug|Any CPU.Build.0 = Debug|Any CPU
		{5D4C0CBE-C1D8-4A03-A8B2-E0B11A287A1C}.Release|Any CPU.ActiveCfg = Release|Any CPU
		{5D4C0CBE-C1D8-4A03-A8B2-E0B11A287A1C}.Release|Any CPU.Build.0 = Release|Any CPU
	EndGlobalSection
	GlobalSection(SolutionProperties) = preSolution
		HideSolutionNode = FALSE
	EndGlobalSection
	GlobalSection(ExtensibilityGlobals) = postSolution
		SolutionGuid = {9172A338-E95D-422A-9334-D4DBF6C4EBFF}
	EndGlobalSection
EndGlobal
